// !$*UTF8*$!
{
	archiveVersion = 1;
	classes = {
	};
	objectVersion = 56;
	objects = {

/* Begin PBXBuildFile section */
		A58EDE732B26AA1F001F2273 /* AppDelegate.swift in Sources */ = {isa = PBXBuildFile; fileRef = A58EDE722B26AA1F001F2273 /* AppDelegate.swift */; };
		A58EDE752B26AA1F001F2273 /* SceneDelegate.swift in Sources */ = {isa = PBXBuildFile; fileRef = A58EDE742B26AA1F001F2273 /* SceneDelegate.swift */; };
		A58EDE772B26AA1F001F2273 /* ViewController.swift in Sources */ = {isa = PBXBuildFile; fileRef = A58EDE762B26AA1F001F2273 /* ViewController.swift */; };
		A58EDE7C2B26AA22001F2273 /* Assets.xcassets in Resources */ = {isa = PBXBuildFile; fileRef = A58EDE7B2B26AA22001F2273 /* Assets.xcassets */; };
		A58EDE7F2B26AA22001F2273 /* LaunchScreen.storyboard in Resources */ = {isa = PBXBuildFile; fileRef = A58EDE7D2B26AA22001F2273 /* LaunchScreen.storyboard */; };
		A58EDE8A2B26AA22001F2273 /* CountryTableViewTests.swift in Sources */ = {isa = PBXBuildFile; fileRef = A58EDE892B26AA22001F2273 /* CountryTableViewTests.swift */; };
		A58EDE942B26AA22001F2273 /* CountryTableViewUITests.swift in Sources */ = {isa = PBXBuildFile; fileRef = A58EDE932B26AA22001F2273 /* CountryTableViewUITests.swift */; };
		A58EDE962B26AA22001F2273 /* CountryTableViewUITestsLaunchTests.swift in Sources */ = {isa = PBXBuildFile; fileRef = A58EDE952B26AA22001F2273 /* CountryTableViewUITestsLaunchTests.swift */; };
		A58EDEA32B26ACA9001F2273 /* CountryTableViewCell.swift in Sources */ = {isa = PBXBuildFile; fileRef = A58EDEA22B26ACA9001F2273 /* CountryTableViewCell.swift */; };
		A58EDEA52B26ACBF001F2273 /* CountryTableViewCell.storyboard in Resources */ = {isa = PBXBuildFile; fileRef = A58EDEA42B26ACBF001F2273 /* CountryTableViewCell.storyboard */; };
		A58EDEA72B26D918001F2273 /* country.swift in Sources */ = {isa = PBXBuildFile; fileRef = A58EDEA62B26D918001F2273 /* country.swift */; };
		A58EDEAB2B285129001F2273 /* CountryDetailViewController.storyboard in Resources */ = {isa = PBXBuildFile; fileRef = A58EDEAA2B285129001F2273 /* CountryDetailViewController.storyboard */; };
		A5B39E232B2C2B5600C16460 /* CountryDetailViewController.swift in Sources */ = {isa = PBXBuildFile; fileRef = A58EDEA82B285111001F2273 /* CountryDetailViewController.swift */; };
/* End PBXBuildFile section */

/* Begin PBXContainerItemProxy section */
		A58EDE862B26AA22001F2273 /* PBXContainerItemProxy */ = {
			isa = PBXContainerItemProxy;
			containerPortal = A58EDE672B26AA1F001F2273 /* Project object */;
			proxyType = 1;
			remoteGlobalIDString = A58EDE6E2B26AA1F001F2273;
			remoteInfo = CountryTableView;
		};
		A58EDE902B26AA22001F2273 /* PBXContainerItemProxy */ = {
			isa = PBXContainerItemProxy;
			containerPortal = A58EDE672B26AA1F001F2273 /* Project object */;
			proxyType = 1;
			remoteGlobalIDString = A58EDE6E2B26AA1F001F2273;
			remoteInfo = CountryTableView;
		};
/* End PBXContainerItemProxy section */

/* Begin PBXFileReference section */
		A58EDE6F2B26AA1F001F2273 /* CountryTableView.app */ = {isa = PBXFileReference; explicitFileType = wrapper.application; includeInIndex = 0; path = CountryTableView.app; sourceTree = BUILT_PRODUCTS_DIR; };
		A58EDE722B26AA1F001F2273 /* AppDelegate.swift */ = {isa = PBXFileReference; lastKnownFileType = sourcecode.swift; path = AppDelegate.swift; sourceTree = "<group>"; };
		A58EDE742B26AA1F001F2273 /* SceneDelegate.swift */ = {isa = PBXFileReference; lastKnownFileType = sourcecode.swift; path = SceneDelegate.swift; sourceTree = "<group>"; };
		A58EDE762B26AA1F001F2273 /* ViewController.swift */ = {isa = PBXFileReference; lastKnownFileType = sourcecode.swift; path = ViewController.swift; sourceTree = "<group>"; };
		A58EDE7B2B26AA22001F2273 /* Assets.xcassets */ = {isa = PBXFileReference; lastKnownFileType = folder.assetcatalog; path = Assets.xcassets; sourceTree = "<group>"; };
		A58EDE7E2B26AA22001F2273 /* Base */ = {isa = PBXFileReference; lastKnownFileType = file.storyboard; name = Base; path = Base.lproj/LaunchScreen.storyboard; sourceTree = "<group>"; };
		A58EDE802B26AA22001F2273 /* Info.plist */ = {isa = PBXFileReference; lastKnownFileType = text.plist.xml; path = Info.plist; sourceTree = "<group>"; };
		A58EDE852B26AA22001F2273 /* CountryTableViewTests.xctest */ = {isa = PBXFileReference; explicitFileType = wrapper.cfbundle; includeInIndex = 0; path = CountryTableViewTests.xctest; sourceTree = BUILT_PRODUCTS_DIR; };
		A58EDE892B26AA22001F2273 /* CountryTableViewTests.swift */ = {isa = PBXFileReference; lastKnownFileType = sourcecode.swift; path = CountryTableViewTests.swift; sourceTree = "<group>"; };
		A58EDE8F2B26AA22001F2273 /* CountryTableViewUITests.xctest */ = {isa = PBXFileReference; explicitFileType = wrapper.cfbundle; includeInIndex = 0; path = CountryTableViewUITests.xctest; sourceTree = BUILT_PRODUCTS_DIR; };
		A58EDE932B26AA22001F2273 /* CountryTableViewUITests.swift */ = {isa = PBXFileReference; lastKnownFileType = sourcecode.swift; path = CountryTableViewUITests.swift; sourceTree = "<group>"; };
		A58EDE952B26AA22001F2273 /* CountryTableViewUITestsLaunchTests.swift */ = {isa = PBXFileReference; lastKnownFileType = sourcecode.swift; path = CountryTableViewUITestsLaunchTests.swift; sourceTree = "<group>"; };
		A58EDEA22B26ACA9001F2273 /* CountryTableViewCell.swift */ = {isa = PBXFileReference; lastKnownFileType = sourcecode.swift; path = CountryTableViewCell.swift; sourceTree = "<group>"; };
		A58EDEA42B26ACBF001F2273 /* CountryTableViewCell.storyboard */ = {isa = PBXFileReference; lastKnownFileType = file.storyboard; path = CountryTableViewCell.storyboard; sourceTree = "<group>"; };
		A58EDEA62B26D918001F2273 /* country.swift */ = {isa = PBXFileReference; lastKnownFileType = sourcecode.swift; path = country.swift; sourceTree = "<group>"; };
		A58EDEA82B285111001F2273 /* CountryDetailViewController.swift */ = {isa = PBXFileReference; lastKnownFileType = sourcecode.swift; path = CountryDetailViewController.swift; sourceTree = "<group>"; };
		A58EDEAA2B285129001F2273 /* CountryDetailViewController.storyboard */ = {isa = PBXFileReference; lastKnownFileType = file.storyboard; path = CountryDetailViewController.storyboard; sourceTree = "<group>"; };
/* End PBXFileReference section */

/* Begin PBXFrameworksBuildPhase section */
		A58EDE6C2B26AA1F001F2273 /* Frameworks */ = {
			isa = PBXFrameworksBuildPhase;
			buildActionMask = 2147483647;
			files = (
			);
			runOnlyForDeploymentPostprocessing = 0;
		};
		A58EDE822B26AA22001F2273 /* Frameworks */ = {
			isa = PBXFrameworksBuildPhase;
			buildActionMask = 2147483647;
			files = (
			);
			runOnlyForDeploymentPostprocessing = 0;
		};
		A58EDE8C2B26AA22001F2273 /* Frameworks */ = {
			isa = PBXFrameworksBuildPhase;
			buildActionMask = 2147483647;
			files = (
			);
			runOnlyForDeploymentPostprocessing = 0;
		};
/* End PBXFrameworksBuildPhase section */

/* Begin PBXGroup section */
		A58EDE662B26AA1F001F2273 = {
			isa = PBXGroup;
			children = (
				A58EDE712B26AA1F001F2273 /* CountryTableView */,
				A58EDE882B26AA22001F2273 /* CountryTableViewTests */,
				A58EDE922B26AA22001F2273 /* CountryTableViewUITests */,
				A58EDE702B26AA1F001F2273 /* Products */,
			);
			sourceTree = "<group>";
		};
		A58EDE702B26AA1F001F2273 /* Products */ = {
			isa = PBXGroup;
			children = (
				A58EDE6F2B26AA1F001F2273 /* CountryTableView.app */,
				A58EDE852B26AA22001F2273 /* CountryTableViewTests.xctest */,
				A58EDE8F2B26AA22001F2273 /* CountryTableViewUITests.xctest */,
			);
			name = Products;
			sourceTree = "<group>";
		};
		A58EDE712B26AA1F001F2273 /* CountryTableView */ = {
			isa = PBXGroup;
			children = (
				A58EDE722B26AA1F001F2273 /* AppDelegate.swift */,
				A58EDE742B26AA1F001F2273 /* SceneDelegate.swift */,
				A58EDE762B26AA1F001F2273 /* ViewController.swift */,
				A58EDE7B2B26AA22001F2273 /* Assets.xcassets */,
				A58EDE7D2B26AA22001F2273 /* LaunchScreen.storyboard */,
				A58EDE802B26AA22001F2273 /* Info.plist */,
				A58EDEA62B26D918001F2273 /* country.swift */,
				A58EDEA82B285111001F2273 /* CountryDetailViewController.swift */,
				A58EDEAA2B285129001F2273 /* CountryDetailViewController.storyboard */,
				A58EDEA22B26ACA9001F2273 /* CountryTableViewCell.swift */,
				A58EDEA42B26ACBF001F2273 /* CountryTableViewCell.storyboard */,
			);
			path = CountryTableView;
			sourceTree = "<group>";
		};
		A58EDE882B26AA22001F2273 /* CountryTableViewTests */ = {
			isa = PBXGroup;
			children = (
				A58EDE892B26AA22001F2273 /* CountryTableViewTests.swift */,
			);
			path = CountryTableViewTests;
			sourceTree = "<group>";
		};
		A58EDE922B26AA22001F2273 /* CountryTableViewUITests */ = {
			isa = PBXGroup;
			children = (
				A58EDE932B26AA22001F2273 /* CountryTableViewUITests.swift */,
				A58EDE952B26AA22001F2273 /* CountryTableViewUITestsLaunchTests.swift */,
			);
			path = CountryTableViewUITests;
			sourceTree = "<group>";
		};
/* End PBXGroup section */

/* Begin PBXNativeTarget section */
		A58EDE6E2B26AA1F001F2273 /* CountryTableView */ = {
			isa = PBXNativeTarget;
			buildConfigurationList = A58EDE992B26AA22001F2273 /* Build configuration list for PBXNativeTarget "CountryTableView" */;
			buildPhases = (
				A58EDE6B2B26AA1F001F2273 /* Sources */,
				A58EDE6C2B26AA1F001F2273 /* Frameworks */,
				A58EDE6D2B26AA1F001F2273 /* Resources */,
			);
			buildRules = (
			);
			dependencies = (
			);
			name = CountryTableView;
			productName = CountryTableView;
			productReference = A58EDE6F2B26AA1F001F2273 /* CountryTableView.app */;
			productType = "com.apple.product-type.application";
		};
		A58EDE842B26AA22001F2273 /* CountryTableViewTests */ = {
			isa = PBXNativeTarget;
			buildConfigurationList = A58EDE9C2B26AA22001F2273 /* Build configuration list for PBXNativeTarget "CountryTableViewTests" */;
			buildPhases = (
				A58EDE812B26AA22001F2273 /* Sources */,
				A58EDE822B26AA22001F2273 /* Frameworks */,
				A58EDE832B26AA22001F2273 /* Resources */,
			);
			buildRules = (
			);
			dependencies = (
				A58EDE872B26AA22001F2273 /* PBXTargetDependency */,
			);
			name = CountryTableViewTests;
			productName = CountryTableViewTests;
			productReference = A58EDE852B26AA22001F2273 /* CountryTableViewTests.xctest */;
			productType = "com.apple.product-type.bundle.unit-test";
		};
		A58EDE8E2B26AA22001F2273 /* CountryTableViewUITests */ = {
			isa = PBXNativeTarget;
			buildConfigurationList = A58EDE9F2B26AA22001F2273 /* Build configuration list for PBXNativeTarget "CountryTableViewUITests" */;
			buildPhases = (
				A58EDE8B2B26AA22001F2273 /* Sources */,
				A58EDE8C2B26AA22001F2273 /* Frameworks */,
				A58EDE8D2B26AA22001F2273 /* Resources */,
			);
			buildRules = (
			);
			dependencies = (
				A58EDE912B26AA22001F2273 /* PBXTargetDependency */,
			);
			name = CountryTableViewUITests;
			productName = CountryTableViewUITests;
			productReference = A58EDE8F2B26AA22001F2273 /* CountryTableViewUITests.xctest */;
			productType = "com.apple.product-type.bundle.ui-testing";
		};
/* End PBXNativeTarget section */

/* Begin PBXProject section */
		A58EDE672B26AA1F001F2273 /* Project object */ = {
			isa = PBXProject;
			attributes = {
				BuildIndependentTargetsInParallel = 1;
				LastSwiftUpdateCheck = 1430;
				LastUpgradeCheck = 1430;
				TargetAttributes = {
					A58EDE6E2B26AA1F001F2273 = {
						CreatedOnToolsVersion = 14.3.1;
					};
					A58EDE842B26AA22001F2273 = {
						CreatedOnToolsVersion = 14.3.1;
						TestTargetID = A58EDE6E2B26AA1F001F2273;
					};
					A58EDE8E2B26AA22001F2273 = {
						CreatedOnToolsVersion = 14.3.1;
						TestTargetID = A58EDE6E2B26AA1F001F2273;
					};
				};
			};
			buildConfigurationList = A58EDE6A2B26AA1F001F2273 /* Build configuration list for PBXProject "CountryTableView" */;
			compatibilityVersion = "Xcode 14.0";
			developmentRegion = en;
			hasScannedForEncodings = 0;
			knownRegions = (
				en,
				Base,
			);
			mainGroup = A58EDE662B26AA1F001F2273;
			productRefGroup = A58EDE702B26AA1F001F2273 /* Products */;
			projectDirPath = "";
			projectRoot = "";
			targets = (
				A58EDE6E2B26AA1F001F2273 /* CountryTableView */,
				A58EDE842B26AA22001F2273 /* CountryTableViewTests */,
				A58EDE8E2B26AA22001F2273 /* CountryTableViewUITests */,
			);
		};
/* End PBXProject section */

/* Begin PBXResourcesBuildPhase section */
		A58EDE6D2B26AA1F001F2273 /* Resources */ = {
			isa = PBXResourcesBuildPhase;
			buildActionMask = 2147483647;
			files = (
				A58EDE7F2B26AA22001F2273 /* LaunchScreen.storyboard in Resources */,
				A58EDEAB2B285129001F2273 /* CountryDetailViewController.storyboard in Resources */,
				A58EDE7C2B26AA22001F2273 /* Assets.xcassets in Resources */,
				A58EDEA52B26ACBF001F2273 /* CountryTableViewCell.storyboard in Resources */,
			);
			runOnlyForDeploymentPostprocessing = 0;
		};
		A58EDE832B26AA22001F2273 /* Resources */ = {
			isa = PBXResourcesBuildPhase;
			buildActionMask = 2147483647;
			files = (
			);
			runOnlyForDeploymentPostprocessing = 0;
		};
		A58EDE8D2B26AA22001F2273 /* Resources */ = {
			isa = PBXResourcesBuildPhase;
			buildActionMask = 2147483647;
			files = (
			);
			runOnlyForDeploymentPostprocessing = 0;
		};
/* End PBXResourcesBuildPhase section */

/* Begin PBXSourcesBuildPhase section */
		A58EDE6B2B26AA1F001F2273 /* Sources */ = {
			isa = PBXSourcesBuildPhase;
			buildActionMask = 2147483647;
			files = (
				A5B39E232B2C2B5600C16460 /* CountryDetailViewController.swift in Sources */,
				A58EDEA72B26D918001F2273 /* country.swift in Sources */,
				A58EDEA32B26ACA9001F2273 /* CountryTableViewCell.swift in Sources */,
				A58EDE772B26AA1F001F2273 /* ViewController.swift in Sources */,
				A58EDE732B26AA1F001F2273 /* AppDelegate.swift in Sources */,
				A58EDE752B26AA1F001F2273 /* SceneDelegate.swift in Sources */,
			);
			runOnlyForDeploymentPostprocessing = 0;
		};
		A58EDE812B26AA22001F2273 /* Sources */ = {
			isa = PBXSourcesBuildPhase;
			buildActionMask = 2147483647;
			files = (
				A58EDE8A2B26AA22001F2273 /* CountryTableViewTests.swift in Sources */,
			);
			runOnlyForDeploymentPostprocessing = 0;
		};
		A58EDE8B2B26AA22001F2273 /* Sources */ = {
			isa = PBXSourcesBuildPhase;
			buildActionMask = 2147483647;
			files = (
				A58EDE942B26AA22001F2273 /* CountryTableViewUITests.swift in Sources */,
				A58EDE962B26AA22001F2273 /* CountryTableViewUITestsLaunchTests.swift in Sources */,
			);
			runOnlyForDeploymentPostprocessing = 0;
		};
/* End PBXSourcesBuildPhase section */

/* Begin PBXTargetDependency section */
		A58EDE872B26AA22001F2273 /* PBXTargetDependency */ = {
			isa = PBXTargetDependency;
			target = A58EDE6E2B26AA1F001F2273 /* CountryTableView */;
			targetProxy = A58EDE862B26AA22001F2273 /* PBXContainerItemProxy */;
		};
		A58EDE912B26AA22001F2273 /* PBXTargetDependency */ = {
			isa = PBXTargetDependency;
			target = A58EDE6E2B26AA1F001F2273 /* CountryTableView */;
			targetProxy = A58EDE902B26AA22001F2273 /* PBXContainerItemProxy */;
		};
/* End PBXTargetDependency section */

/* Begin PBXVariantGroup section */
		A58EDE7D2B26AA22001F2273 /* LaunchScreen.storyboard */ = {
			isa = PBXVariantGroup;
			children = (
				A58EDE7E2B26AA22001F2273 /* Base */,
			);
			name = LaunchScreen.storyboard;
			sourceTree = "<group>";
		};
/* End PBXVariantGroup section */

/* Begin XCBuildConfiguration section */
		A58EDE972B26AA22001F2273 /* Debug */ = {
			isa = XCBuildConfiguration;
			buildSettings = {
				ALWAYS_SEARCH_USER_PATHS = NO;
				CLANG_ANALYZER_NONNULL = YES;
				CLANG_ANALYZER_NUMBER_OBJECT_CONVERSION = YES_AGGRESSIVE;
				CLANG_CXX_LANGUAGE_STANDARD = "gnu++20";
				CLANG_ENABLE_MODULES = YES;
				CLANG_ENABLE_OBJC_ARC = YES;
				CLANG_ENABLE_OBJC_WEAK = YES;
				CLANG_WARN_BLOCK_CAPTURE_AUTORELEASING = YES;
				CLANG_WARN_BOOL_CONVERSION = YES;
				CLANG_WARN_COMMA = YES;
				CLANG_WARN_CONSTANT_CONVERSION = YES;
				CLANG_WARN_DEPRECATED_OBJC_IMPLEMENTATIONS = YES;
				CLANG_WARN_DIRECT_OBJC_ISA_USAGE = YES_ERROR;
				CLANG_WARN_DOCUMENTATION_COMMENTS = YES;
				CLANG_WARN_EMPTY_BODY = YES;
				CLANG_WARN_ENUM_CONVERSION = YES;
				CLANG_WARN_INFINITE_RECURSION = YES;
				CLANG_WARN_INT_CONVERSION = YES;
				CLANG_WARN_NON_LITERAL_NULL_CONVERSION = YES;
				CLANG_WARN_OBJC_IMPLICIT_RETAIN_SELF = YES;
				CLANG_WARN_OBJC_LITERAL_CONVERSION = YES;
				CLANG_WARN_OBJC_ROOT_CLASS = YES_ERROR;
				CLANG_WARN_QUOTED_INCLUDE_IN_FRAMEWORK_HEADER = YES;
				CLANG_WARN_RANGE_LOOP_ANALYSIS = YES;
				CLANG_WARN_STRICT_PROTOTYPES = YES;
				CLANG_WARN_SUSPICIOUS_MOVE = YES;
				CLANG_WARN_UNGUARDED_AVAILABILITY = YES_AGGRESSIVE;
				CLANG_WARN_UNREACHABLE_CODE = YES;
				CLANG_WARN__DUPLICATE_METHOD_MATCH = YES;
				COPY_PHASE_STRIP = NO;
				DEBUG_INFORMATION_FORMAT = dwarf;
				ENABLE_STRICT_OBJC_MSGSEND = YES;
				ENABLE_TESTABILITY = YES;
				GCC_C_LANGUAGE_STANDARD = gnu11;
				GCC_DYNAMIC_NO_PIC = NO;
				GCC_NO_COMMON_BLOCKS = YES;
				GCC_OPTIMIZATION_LEVEL = 0;
				GCC_PREPROCESSOR_DEFINITIONS = (
					"DEBUG=1",
					"$(inherited)",
				);
				GCC_WARN_64_TO_32_BIT_CONVERSION = YES;
				GCC_WARN_ABOUT_RETURN_TYPE = YES_ERROR;
				GCC_WARN_UNDECLARED_SELECTOR = YES;
				GCC_WARN_UNINITIALIZED_AUTOS = YES_AGGRESSIVE;
				GCC_WARN_UNUSED_FUNCTION = YES;
				GCC_WARN_UNUSED_VARIABLE = YES;
				IPHONEOS_DEPLOYMENT_TARGET = 16.4;
				MTL_ENABLE_DEBUG_INFO = INCLUDE_SOURCE;
				MTL_FAST_MATH = YES;
				ONLY_ACTIVE_ARCH = YES;
				SDKROOT = iphoneos;
				SWIFT_ACTIVE_COMPILATION_CONDITIONS = DEBUG;
				SWIFT_OPTIMIZATION_LEVEL = "-Onone";
			};
			name = Debug;
		};
		A58EDE982B26AA22001F2273 /* Release */ = {
			isa = XCBuildConfiguration;
			buildSettings = {
				ALWAYS_SEARCH_USER_PATHS = NO;
				CLANG_ANALYZER_NONNULL = YES;
				CLANG_ANALYZER_NUMBER_OBJECT_CONVERSION = YES_AGGRESSIVE;
				CLANG_CXX_LANGUAGE_STANDARD = "gnu++20";
				CLANG_ENABLE_MODULES = YES;
				CLANG_ENABLE_OBJC_ARC = YES;
				CLANG_ENABLE_OBJC_WEAK = YES;
				CLANG_WARN_BLOCK_CAPTURE_AUTORELEASING = YES;
				CLANG_WARN_BOOL_CONVERSION = YES;
				CLANG_WARN_COMMA = YES;
				CLANG_WARN_CONSTANT_CONVERSION = YES;
				CLANG_WARN_DEPRECATED_OBJC_IMPLEMENTATIONS = YES;
				CLANG_WARN_DIRECT_OBJC_ISA_USAGE = YES_ERROR;
				CLANG_WARN_DOCUMENTATION_COMMENTS = YES;
				CLANG_WARN_EMPTY_BODY = YES;
				CLANG_WARN_ENUM_CONVERSION = YES;
				CLANG_WARN_INFINITE_RECURSION = YES;
				CLANG_WARN_INT_CONVERSION = YES;
				CLANG_WARN_NON_LITERAL_NULL_CONVERSION = YES;
				CLANG_WARN_OBJC_IMPLICIT_RETAIN_SELF = YES;
				CLANG_WARN_OBJC_LITERAL_CONVERSION = YES;
				CLANG_WARN_OBJC_ROOT_CLASS = YES_ERROR;
				CLANG_WARN_QUOTED_INCLUDE_IN_FRAMEWORK_HEADER = YES;
				CLANG_WARN_RANGE_LOOP_ANALYSIS = YES;
				CLANG_WARN_STRICT_PROTOTYPES = YES;
				CLANG_WARN_SUSPICIOUS_MOVE = YES;
				CLANG_WARN_UNGUARDED_AVAILABILITY = YES_AGGRESSIVE;
				CLANG_WARN_UNREACHABLE_CODE = YES;
				CLANG_WARN__DUPLICATE_METHOD_MATCH = YES;
				COPY_PHASE_STRIP = NO;
				DEBUG_INFORMATION_FORMAT = "dwarf-with-dsym";
				ENABLE_NS_ASSERTIONS = NO;
				ENABLE_STRICT_OBJC_MSGSEND = YES;
				GCC_C_LANGUAGE_STANDARD = gnu11;
				GCC_NO_COMMON_BLOCKS = YES;
				GCC_WARN_64_TO_32_BIT_CONVERSION = YES;
				GCC_WARN_ABOUT_RETURN_TYPE = YES_ERROR;
				GCC_WARN_UNDECLARED_SELECTOR = YES;
				GCC_WARN_UNINITIALIZED_AUTOS = YES_AGGRESSIVE;
				GCC_WARN_UNUSED_FUNCTION = YES;
				GCC_WARN_UNUSED_VARIABLE = YES;
				IPHONEOS_DEPLOYMENT_TARGET = 16.4;
				MTL_ENABLE_DEBUG_INFO = NO;
				MTL_FAST_MATH = YES;
				SDKROOT = iphoneos;
				SWIFT_COMPILATION_MODE = wholemodule;
				SWIFT_OPTIMIZATION_LEVEL = "-O";
				VALIDATE_PRODUCT = YES;
			};
			name = Release;
		};
		A58EDE9A2B26AA22001F2273 /* Debug */ = {
			isa = XCBuildConfiguration;
			buildSettings = {
				ASSETCATALOG_COMPILER_APPICON_NAME = AppIcon;
				ASSETCATALOG_COMPILER_GLOBAL_ACCENT_COLOR_NAME = AccentColor;
				CODE_SIGN_STYLE = Automatic;
				CURRENT_PROJECT_VERSION = 1;
				GENERATE_INFOPLIST_FILE = YES;
				INFOPLIST_FILE = CountryTableView/Info.plist;
				INFOPLIST_KEY_UIApplicationSupportsIndirectInputEvents = YES;
				INFOPLIST_KEY_UILaunchStoryboardName = LaunchScreen;
				INFOPLIST_KEY_UISupportedInterfaceOrientations_iPad = "UIInterfaceOrientationPortrait UIInterfaceOrientationPortraitUpsideDown UIInterfaceOrientationLandscapeLeft UIInterfaceOrientationLandscapeRight";
				INFOPLIST_KEY_UISupportedInterfaceOrientations_iPhone = "UIInterfaceOrientationPortrait UIInterfaceOrientationLandscapeLeft UIInterfaceOrientationLandscapeRight";
				LD_RUNPATH_SEARCH_PATHS = (
					"$(inherited)",
					"@executable_path/Frameworks",
				);
				MARKETING_VERSION = 1.0;
				PRODUCT_BUNDLE_IDENTIFIER = com.Ishida.CountryTableView;
				PRODUCT_NAME = "$(TARGET_NAME)";
				SWIFT_EMIT_LOC_STRINGS = YES;
				SWIFT_VERSION = 5.0;
				TARGETED_DEVICE_FAMILY = "1,2";
			};
			name = Debug;
		};
		A58EDE9B2B26AA22001F2273 /* Release */ = {
			isa = XCBuildConfiguration;
			buildSettings = {
				ASSETCATALOG_COMPILER_APPICON_NAME = AppIcon;
				ASSETCATALOG_COMPILER_GLOBAL_ACCENT_COLOR_NAME = AccentColor;
				CODE_SIGN_STYLE = Automatic;
				CURRENT_PROJECT_VERSION = 1;
				GENERATE_INFOPLIST_FILE = YES;
				INFOPLIST_FILE = CountryTableView/Info.plist;
				INFOPLIST_KEY_UIApplicationSupportsIndirectInputEvents = YES;
				INFOPLIST_KEY_UILaunchStoryboardName = LaunchScreen;
				INFOPLIST_KEY_UISupportedInterfaceOrientations_iPad = "UIInterfaceOrientationPortrait UIInterfaceOrientationPortraitUpsideDown UIInterfaceOrientationLandscapeLeft UIInterfaceOrientationLandscapeRight";
				INFOPLIST_KEY_UISupportedInterfaceOrientations_iPhone = "UIInterfaceOrientationPortrait UIInterfaceOrientationLandscapeLeft UIInterfaceOrientationLandscapeRight";
				LD_RUNPATH_SEARCH_PATHS = (
					"$(inherited)",
					"@executable_path/Frameworks",
				);
				MARKETING_VERSION = 1.0;
				PRODUCT_BUNDLE_IDENTIFIER = com.Ishida.CountryTableView;
				PRODUCT_NAME = "$(TARGET_NAME)";
				SWIFT_EMIT_LOC_STRINGS = YES;
				SWIFT_VERSION = 5.0;
				TARGETED_DEVICE_FAMILY = "1,2";
			};
			name = Release;
		};
		A58EDE9D2B26AA22001F2273 /* Debug */ = {
			isa = XCBuildConfiguration;
			buildSettings = {
				ALWAYS_EMBED_SWIFT_STANDARD_LIBRARIES = YES;
				BUNDLE_LOADER = "$(TEST_HOST)";
				CODE_SIGN_STYLE = Automatic;
				CURRENT_PROJECT_VERSION = 1;
				GENERATE_INFOPLIST_FILE = YES;
				IPHONEOS_DEPLOYMENT_TARGET = 16.4;
				MARKETING_VERSION = 1.0;
				PRODUCT_BUNDLE_IDENTIFIER = com.Ishida.CountryTableViewTests;
				PRODUCT_NAME = "$(TARGET_NAME)";
				SWIFT_EMIT_LOC_STRINGS = NO;
				SWIFT_VERSION = 5.0;
				TARGETED_DEVICE_FAMILY = "1,2";
				TEST_HOST = "$(BUILT_PRODUCTS_DIR)/CountryTableView.app/$(BUNDLE_EXECUTABLE_FOLDER_PATH)/CountryTableView";
			};
			name = Debug;
		};
		A58EDE9E2B26AA22001F2273 /* Release */ = {
			isa = XCBuildConfiguration;
			buildSettings = {
				ALWAYS_EMBED_SWIFT_STANDARD_LIBRARIES = YES;
				BUNDLE_LOADER = "$(TEST_HOST)";
				CODE_SIGN_STYLE = Automatic;
				CURRENT_PROJECT_VERSION = 1;
				GENERATE_INFOPLIST_FILE = YES;
				IPHONEOS_DEPLOYMENT_TARGET = 16.4;
				MARKETING_VERSION = 1.0;
				PRODUCT_BUNDLE_IDENTIFIER = com.Ishida.CountryTableViewTests;
				PRODUCT_NAME = "$(TARGET_NAME)";
				SWIFT_EMIT_LOC_STRINGS = NO;
				SWIFT_VERSION = 5.0;
				TARGETED_DEVICE_FAMILY = "1,2";
				TEST_HOST = "$(BUILT_PRODUCTS_DIR)/CountryTableView.app/$(BUNDLE_EXECUTABLE_FOLDER_PATH)/CountryTableView";
			};
			name = Release;
		};
		A58EDEA02B26AA22001F2273 /* Debug */ = {
			isa = XCBuildConfiguration;
			buildSettings = {
				ALWAYS_EMBED_SWIFT_STANDARD_LIBRARIES = YES;
				CODE_SIGN_STYLE = Automatic;
				CURRENT_PROJECT_VERSION = 1;
				GENERATE_INFOPLIST_FILE = YES;
				MARKETING_VERSION = 1.0;
				PRODUCT_BUNDLE_IDENTIFIER = com.Ishida.CountryTableViewUITests;
				PRODUCT_NAME = "$(TARGET_NAME)";
				SWIFT_EMIT_LOC_STRINGS = NO;
				SWIFT_VERSION = 5.0;
				TARGETED_DEVICE_FAMILY = "1,2";
				TEST_TARGET_NAME = CountryTableView;
			};
			name = Debug;
		};
		A58EDEA12B26AA22001F2273 /* Release */ = {
			isa = XCBuildConfiguration;
			buildSettings = {
				ALWAYS_EMBED_SWIFT_STANDARD_LIBRARIES = YES;
				CODE_SIGN_STYLE = Automatic;
				CURRENT_PROJECT_VERSION = 1;
				GENERATE_INFOPLIST_FILE = YES;
				MARKETING_VERSION = 1.0;
				PRODUCT_BUNDLE_IDENTIFIER = com.Ishida.CountryTableViewUITests;
				PRODUCT_NAME = "$(TARGET_NAME)";
				SWIFT_EMIT_LOC_STRINGS = NO;
				SWIFT_VERSION = 5.0;
				TARGETED_DEVICE_FAMILY = "1,2";
				TEST_TARGET_NAME = CountryTableView;
			};
			name = Release;
		};
/* End XCBuildConfiguration section */

/* Begin XCConfigurationList section */
		A58EDE6A2B26AA1F001F2273 /* Build configuration list for PBXProject "CountryTableView" */ = {
			isa = XCConfigurationList;
			buildConfigurations = (
				A58EDE972B26AA22001F2273 /* Debug */,
				A58EDE982B26AA22001F2273 /* Release */,
			);
			defaultConfigurationIsVisible = 0;
			defaultConfigurationName = Release;
		};
		A58EDE992B26AA22001F2273 /* Build configuration list for PBXNativeTarget "CountryTableView" */ = {
			isa = XCConfigurationList;
			buildConfigurations = (
				A58EDE9A2B26AA22001F2273 /* Debug */,
				A58EDE9B2B26AA22001F2273 /* Release */,
			);
			defaultConfigurationIsVisible = 0;
			defaultConfigurationName = Release;
		};
		A58EDE9C2B26AA22001F2273 /* Build configuration list for PBXNativeTarget "CountryTableViewTests" */ = {
			isa = XCConfigurationList;
			buildConfigurations = (
				A58EDE9D2B26AA22001F2273 /* Debug */,
				A58EDE9E2B26AA22001F2273 /* Release */,
			);
			defaultConfigurationIsVisible = 0;
			defaultConfigurationName = Release;
		};
		A58EDE9F2B26AA22001F2273 /* Build configuration list for PBXNativeTarget "CountryTableViewUITests" */ = {
			isa = XCConfigurationList;
			buildConfigurations = (
				A58EDEA02B26AA22001F2273 /* Debug */,
				A58EDEA12B26AA22001F2273 /* Release */,
			);
			defaultConfigurationIsVisible = 0;
			defaultConfigurationName = Release;
		};
/* End XCConfigurationList section */
	};
	rootObject = A58EDE672B26AA1F001F2273 /* Project object */;
}
