// !$*UTF8*$!
{
	archiveVersion = 1;
	classes = {
	};
	objectVersion = 56;
	objects = {

/* Begin PBXBuildFile section */
		A552FF2E2B1F0B57008C744D /* AppDelegate.swift in Sources */ = {isa = PBXBuildFile; fileRef = A552FF2D2B1F0B57008C744D /* AppDelegate.swift */; };
		A552FF302B1F0B57008C744D /* SceneDelegate.swift in Sources */ = {isa = PBXBuildFile; fileRef = A552FF2F2B1F0B57008C744D /* SceneDelegate.swift */; };
		A552FF372B1F0B59008C744D /* Assets.xcassets in Resources */ = {isa = PBXBuildFile; fileRef = A552FF362B1F0B59008C744D /* Assets.xcassets */; };
		A552FF3A2B1F0B59008C744D /* LaunchScreen.storyboard in Resources */ = {isa = PBXBuildFile; fileRef = A552FF382B1F0B59008C744D /* LaunchScreen.storyboard */; };
		A552FF452B1F0B5A008C744D /* AutoLayoutStudyTests.swift in Sources */ = {isa = PBXBuildFile; fileRef = A552FF442B1F0B5A008C744D /* AutoLayoutStudyTests.swift */; };
		A552FF4F2B1F0B5A008C744D /* AutoLayoutStudyUITests.swift in Sources */ = {isa = PBXBuildFile; fileRef = A552FF4E2B1F0B5A008C744D /* AutoLayoutStudyUITests.swift */; };
		A552FF512B1F0B5A008C744D /* AutoLayoutStudyUITestsLaunchTests.swift in Sources */ = {isa = PBXBuildFile; fileRef = A552FF502B1F0B5A008C744D /* AutoLayoutStudyUITestsLaunchTests.swift */; };
		A552FF5E2B1F1075008C744D /* HomeView.swift in Sources */ = {isa = PBXBuildFile; fileRef = A552FF5D2B1F1075008C744D /* HomeView.swift */; };
		A552FF602B1F1082008C744D /* HomeView.storyboard in Resources */ = {isa = PBXBuildFile; fileRef = A552FF5F2B1F1082008C744D /* HomeView.storyboard */; };
		A552FF622B1F1141008C744D /* NextView.swift in Sources */ = {isa = PBXBuildFile; fileRef = A552FF612B1F1141008C744D /* NextView.swift */; };
		A552FF642B1F1155008C744D /* NextView.storyboard in Resources */ = {isa = PBXBuildFile; fileRef = A552FF632B1F1155008C744D /* NextView.storyboard */; };
/* End PBXBuildFile section */

/* Begin PBXContainerItemProxy section */
		A552FF412B1F0B5A008C744D /* PBXContainerItemProxy */ = {
			isa = PBXContainerItemProxy;
			containerPortal = A552FF222B1F0B57008C744D /* Project object */;
			proxyType = 1;
			remoteGlobalIDString = A552FF292B1F0B57008C744D;
			remoteInfo = AutoLayoutStudy;
		};
		A552FF4B2B1F0B5A008C744D /* PBXContainerItemProxy */ = {
			isa = PBXContainerItemProxy;
			containerPortal = A552FF222B1F0B57008C744D /* Project object */;
			proxyType = 1;
			remoteGlobalIDString = A552FF292B1F0B57008C744D;
			remoteInfo = AutoLayoutStudy;
		};
/* End PBXContainerItemProxy section */

/* Begin PBXFileReference section */
		A552FF2A2B1F0B57008C744D /* AutoLayoutStudy.app */ = {isa = PBXFileReference; explicitFileType = wrapper.application; includeInIndex = 0; path = AutoLayoutStudy.app; sourceTree = BUILT_PRODUCTS_DIR; };
		A552FF2D2B1F0B57008C744D /* AppDelegate.swift */ = {isa = PBXFileReference; lastKnownFileType = sourcecode.swift; path = AppDelegate.swift; sourceTree = "<group>"; };
		A552FF2F2B1F0B57008C744D /* SceneDelegate.swift */ = {isa = PBXFileReference; lastKnownFileType = sourcecode.swift; path = SceneDelegate.swift; sourceTree = "<group>"; };
		A552FF362B1F0B59008C744D /* Assets.xcassets */ = {isa = PBXFileReference; lastKnownFileType = folder.assetcatalog; path = Assets.xcassets; sourceTree = "<group>"; };
		A552FF392B1F0B59008C744D /* Base */ = {isa = PBXFileReference; lastKnownFileType = file.storyboard; name = Base; path = Base.lproj/LaunchScreen.storyboard; sourceTree = "<group>"; };
		A552FF3B2B1F0B5A008C744D /* Info.plist */ = {isa = PBXFileReference; lastKnownFileType = text.plist.xml; path = Info.plist; sourceTree = "<group>"; };
		A552FF402B1F0B5A008C744D /* AutoLayoutStudyTests.xctest */ = {isa = PBXFileReference; explicitFileType = wrapper.cfbundle; includeInIndex = 0; path = AutoLayoutStudyTests.xctest; sourceTree = BUILT_PRODUCTS_DIR; };
		A552FF442B1F0B5A008C744D /* AutoLayoutStudyTests.swift */ = {isa = PBXFileReference; lastKnownFileType = sourcecode.swift; path = AutoLayoutStudyTests.swift; sourceTree = "<group>"; };
		A552FF4A2B1F0B5A008C744D /* AutoLayoutStudyUITests.xctest */ = {isa = PBXFileReference; explicitFileType = wrapper.cfbundle; includeInIndex = 0; path = AutoLayoutStudyUITests.xctest; sourceTree = BUILT_PRODUCTS_DIR; };
		A552FF4E2B1F0B5A008C744D /* AutoLayoutStudyUITests.swift */ = {isa = PBXFileReference; lastKnownFileType = sourcecode.swift; path = AutoLayoutStudyUITests.swift; sourceTree = "<group>"; };
		A552FF502B1F0B5A008C744D /* AutoLayoutStudyUITestsLaunchTests.swift */ = {isa = PBXFileReference; lastKnownFileType = sourcecode.swift; path = AutoLayoutStudyUITestsLaunchTests.swift; sourceTree = "<group>"; };
		A552FF5D2B1F1075008C744D /* HomeView.swift */ = {isa = PBXFileReference; lastKnownFileType = sourcecode.swift; path = HomeView.swift; sourceTree = "<group>"; };
		A552FF5F2B1F1082008C744D /* HomeView.storyboard */ = {isa = PBXFileReference; lastKnownFileType = file.storyboard; path = HomeView.storyboard; sourceTree = "<group>"; };
		A552FF612B1F1141008C744D /* NextView.swift */ = {isa = PBXFileReference; lastKnownFileType = sourcecode.swift; path = NextView.swift; sourceTree = "<group>"; };
		A552FF632B1F1155008C744D /* NextView.storyboard */ = {isa = PBXFileReference; lastKnownFileType = file.storyboard; path = NextView.storyboard; sourceTree = "<group>"; };
/* End PBXFileReference section */

/* Begin PBXFrameworksBuildPhase section */
		A552FF272B1F0B57008C744D /* Frameworks */ = {
			isa = PBXFrameworksBuildPhase;
			buildActionMask = 2147483647;
			files = (
			);
			runOnlyForDeploymentPostprocessing = 0;
		};
		A552FF3D2B1F0B5A008C744D /* Frameworks */ = {
			isa = PBXFrameworksBuildPhase;
			buildActionMask = 2147483647;
			files = (
			);
			runOnlyForDeploymentPostprocessing = 0;
		};
		A552FF472B1F0B5A008C744D /* Frameworks */ = {
			isa = PBXFrameworksBuildPhase;
			buildActionMask = 2147483647;
			files = (
			);
			runOnlyForDeploymentPostprocessing = 0;
		};
/* End PBXFrameworksBuildPhase section */

/* Begin PBXGroup section */
		A552FF212B1F0B57008C744D = {
			isa = PBXGroup;
			children = (
				A552FF2C2B1F0B57008C744D /* AutoLayoutStudy */,
				A552FF432B1F0B5A008C744D /* AutoLayoutStudyTests */,
				A552FF4D2B1F0B5A008C744D /* AutoLayoutStudyUITests */,
				A552FF2B2B1F0B57008C744D /* Products */,
			);
			sourceTree = "<group>";
		};
		A552FF2B2B1F0B57008C744D /* Products */ = {
			isa = PBXGroup;
			children = (
				A552FF2A2B1F0B57008C744D /* AutoLayoutStudy.app */,
				A552FF402B1F0B5A008C744D /* AutoLayoutStudyTests.xctest */,
				A552FF4A2B1F0B5A008C744D /* AutoLayoutStudyUITests.xctest */,
			);
			name = Products;
			sourceTree = "<group>";
		};
		A552FF2C2B1F0B57008C744D /* AutoLayoutStudy */ = {
			isa = PBXGroup;
			children = (
				A552FF2D2B1F0B57008C744D /* AppDelegate.swift */,
				A552FF2F2B1F0B57008C744D /* SceneDelegate.swift */,
				A552FF612B1F1141008C744D /* NextView.swift */,
				A552FF632B1F1155008C744D /* NextView.storyboard */,
				A552FF5D2B1F1075008C744D /* HomeView.swift */,
				A552FF5F2B1F1082008C744D /* HomeView.storyboard */,
				A552FF362B1F0B59008C744D /* Assets.xcassets */,
				A552FF382B1F0B59008C744D /* LaunchScreen.storyboard */,
				A552FF3B2B1F0B5A008C744D /* Info.plist */,
			);
			path = AutoLayoutStudy;
			sourceTree = "<group>";
		};
		A552FF432B1F0B5A008C744D /* AutoLayoutStudyTests */ = {
			isa = PBXGroup;
			children = (
				A552FF442B1F0B5A008C744D /* AutoLayoutStudyTests.swift */,
			);
			path = AutoLayoutStudyTests;
			sourceTree = "<group>";
		};
		A552FF4D2B1F0B5A008C744D /* AutoLayoutStudyUITests */ = {
			isa = PBXGroup;
			children = (
				A552FF4E2B1F0B5A008C744D /* AutoLayoutStudyUITests.swift */,
				A552FF502B1F0B5A008C744D /* AutoLayoutStudyUITestsLaunchTests.swift */,
			);
			path = AutoLayoutStudyUITests;
			sourceTree = "<group>";
		};
/* End PBXGroup section */

/* Begin PBXNativeTarget section */
		A552FF292B1F0B57008C744D /* AutoLayoutStudy */ = {
			isa = PBXNativeTarget;
			buildConfigurationList = A552FF542B1F0B5A008C744D /* Build configuration list for PBXNativeTarget "AutoLayoutStudy" */;
			buildPhases = (
				A552FF262B1F0B57008C744D /* Sources */,
				A552FF272B1F0B57008C744D /* Frameworks */,
				A552FF282B1F0B57008C744D /* Resources */,
			);
			buildRules = (
			);
			dependencies = (
			);
			name = AutoLayoutStudy;
			productName = AutoLayoutStudy;
			productReference = A552FF2A2B1F0B57008C744D /* AutoLayoutStudy.app */;
			productType = "com.apple.product-type.application";
		};
		A552FF3F2B1F0B5A008C744D /* AutoLayoutStudyTests */ = {
			isa = PBXNativeTarget;
			buildConfigurationList = A552FF572B1F0B5A008C744D /* Build configuration list for PBXNativeTarget "AutoLayoutStudyTests" */;
			buildPhases = (
				A552FF3C2B1F0B5A008C744D /* Sources */,
				A552FF3D2B1F0B5A008C744D /* Frameworks */,
				A552FF3E2B1F0B5A008C744D /* Resources */,
			);
			buildRules = (
			);
			dependencies = (
				A552FF422B1F0B5A008C744D /* PBXTargetDependency */,
			);
			name = AutoLayoutStudyTests;
			productName = AutoLayoutStudyTests;
			productReference = A552FF402B1F0B5A008C744D /* AutoLayoutStudyTests.xctest */;
			productType = "com.apple.product-type.bundle.unit-test";
		};
		A552FF492B1F0B5A008C744D /* AutoLayoutStudyUITests */ = {
			isa = PBXNativeTarget;
			buildConfigurationList = A552FF5A2B1F0B5A008C744D /* Build configuration list for PBXNativeTarget "AutoLayoutStudyUITests" */;
			buildPhases = (
				A552FF462B1F0B5A008C744D /* Sources */,
				A552FF472B1F0B5A008C744D /* Frameworks */,
				A552FF482B1F0B5A008C744D /* Resources */,
			);
			buildRules = (
			);
			dependencies = (
				A552FF4C2B1F0B5A008C744D /* PBXTargetDependency */,
			);
			name = AutoLayoutStudyUITests;
			productName = AutoLayoutStudyUITests;
			productReference = A552FF4A2B1F0B5A008C744D /* AutoLayoutStudyUITests.xctest */;
			productType = "com.apple.product-type.bundle.ui-testing";
		};
/* End PBXNativeTarget section */

/* Begin PBXProject section */
		A552FF222B1F0B57008C744D /* Project object */ = {
			isa = PBXProject;
			attributes = {
				BuildIndependentTargetsInParallel = 1;
				LastSwiftUpdateCheck = 1430;
				LastUpgradeCheck = 1430;
				TargetAttributes = {
					A552FF292B1F0B57008C744D = {
						CreatedOnToolsVersion = 14.3.1;
					};
					A552FF3F2B1F0B5A008C744D = {
						CreatedOnToolsVersion = 14.3.1;
						TestTargetID = A552FF292B1F0B57008C744D;
					};
					A552FF492B1F0B5A008C744D = {
						CreatedOnToolsVersion = 14.3.1;
						TestTargetID = A552FF292B1F0B57008C744D;
					};
				};
			};
			buildConfigurationList = A552FF252B1F0B57008C744D /* Build configuration list for PBXProject "AutoLayoutStudy" */;
			compatibilityVersion = "Xcode 14.0";
			developmentRegion = en;
			hasScannedForEncodings = 0;
			knownRegions = (
				en,
				Base,
			);
			mainGroup = A552FF212B1F0B57008C744D;
			productRefGroup = A552FF2B2B1F0B57008C744D /* Products */;
			projectDirPath = "";
			projectRoot = "";
			targets = (
				A552FF292B1F0B57008C744D /* AutoLayoutStudy */,
				A552FF3F2B1F0B5A008C744D /* AutoLayoutStudyTests */,
				A552FF492B1F0B5A008C744D /* AutoLayoutStudyUITests */,
			);
		};
/* End PBXProject section */

/* Begin PBXResourcesBuildPhase section */
		A552FF282B1F0B57008C744D /* Resources */ = {
			isa = PBXResourcesBuildPhase;
			buildActionMask = 2147483647;
			files = (
				A552FF602B1F1082008C744D /* HomeView.storyboard in Resources */,
				A552FF3A2B1F0B59008C744D /* LaunchScreen.storyboard in Resources */,
				A552FF372B1F0B59008C744D /* Assets.xcassets in Resources */,
				A552FF642B1F1155008C744D /* NextView.storyboard in Resources */,
			);
			runOnlyForDeploymentPostprocessing = 0;
		};
		A552FF3E2B1F0B5A008C744D /* Resources */ = {
			isa = PBXResourcesBuildPhase;
			buildActionMask = 2147483647;
			files = (
			);
			runOnlyForDeploymentPostprocessing = 0;
		};
		A552FF482B1F0B5A008C744D /* Resources */ = {
			isa = PBXResourcesBuildPhase;
			buildActionMask = 2147483647;
			files = (
			);
			runOnlyForDeploymentPostprocessing = 0;
		};
/* End PBXResourcesBuildPhase section */

/* Begin PBXSourcesBuildPhase section */
		A552FF262B1F0B57008C744D /* Sources */ = {
			isa = PBXSourcesBuildPhase;
			buildActionMask = 2147483647;
			files = (
				A552FF5E2B1F1075008C744D /* HomeView.swift in Sources */,
				A552FF2E2B1F0B57008C744D /* AppDelegate.swift in Sources */,
				A552FF622B1F1141008C744D /* NextView.swift in Sources */,
				A552FF302B1F0B57008C744D /* SceneDelegate.swift in Sources */,
			);
			runOnlyForDeploymentPostprocessing = 0;
		};
		A552FF3C2B1F0B5A008C744D /* Sources */ = {
			isa = PBXSourcesBuildPhase;
			buildActionMask = 2147483647;
			files = (
				A552FF452B1F0B5A008C744D /* AutoLayoutStudyTests.swift in Sources */,
			);
			runOnlyForDeploymentPostprocessing = 0;
		};
		A552FF462B1F0B5A008C744D /* Sources */ = {
			isa = PBXSourcesBuildPhase;
			buildActionMask = 2147483647;
			files = (
				A552FF4F2B1F0B5A008C744D /* AutoLayoutStudyUITests.swift in Sources */,
				A552FF512B1F0B5A008C744D /* AutoLayoutStudyUITestsLaunchTests.swift in Sources */,
			);
			runOnlyForDeploymentPostprocessing = 0;
		};
/* End PBXSourcesBuildPhase section */

/* Begin PBXTargetDependency section */
		A552FF422B1F0B5A008C744D /* PBXTargetDependency */ = {
			isa = PBXTargetDependency;
			target = A552FF292B1F0B57008C744D /* AutoLayoutStudy */;
			targetProxy = A552FF412B1F0B5A008C744D /* PBXContainerItemProxy */;
		};
		A552FF4C2B1F0B5A008C744D /* PBXTargetDependency */ = {
			isa = PBXTargetDependency;
			target = A552FF292B1F0B57008C744D /* AutoLayoutStudy */;
			targetProxy = A552FF4B2B1F0B5A008C744D /* PBXContainerItemProxy */;
		};
/* End PBXTargetDependency section */

/* Begin PBXVariantGroup section */
		A552FF382B1F0B59008C744D /* LaunchScreen.storyboard */ = {
			isa = PBXVariantGroup;
			children = (
				A552FF392B1F0B59008C744D /* Base */,
			);
			name = LaunchScreen.storyboard;
			sourceTree = "<group>";
		};
/* End PBXVariantGroup section */

/* Begin XCBuildConfiguration section */
		A552FF522B1F0B5A008C744D /* Debug */ = {
			isa = XCBuildConfiguration;
			buildSettings = {
				ALWAYS_SEARCH_USER_PATHS = NO;
				CLANG_ANALYZER_NONNULL = YES;
				CLANG_ANALYZER_NUMBER_OBJECT_CONVERSION = YES_AGGRESSIVE;
				CLANG_CXX_LANGUAGE_STANDARD = "gnu++20";
				CLANG_ENABLE_MODULES = YES;
				CLANG_ENABLE_OBJC_ARC = YES;
				CLANG_ENABLE_OBJC_WEAK = YES;
				CLANG_WARN_BLOCK_CAPTURE_AUTORELEASING = YES;
				CLANG_WARN_BOOL_CONVERSION = YES;
				CLANG_WARN_COMMA = YES;
				CLANG_WARN_CONSTANT_CONVERSION = YES;
				CLANG_WARN_DEPRECATED_OBJC_IMPLEMENTATIONS = YES;
				CLANG_WARN_DIRECT_OBJC_ISA_USAGE = YES_ERROR;
				CLANG_WARN_DOCUMENTATION_COMMENTS = YES;
				CLANG_WARN_EMPTY_BODY = YES;
				CLANG_WARN_ENUM_CONVERSION = YES;
				CLANG_WARN_INFINITE_RECURSION = YES;
				CLANG_WARN_INT_CONVERSION = YES;
				CLANG_WARN_NON_LITERAL_NULL_CONVERSION = YES;
				CLANG_WARN_OBJC_IMPLICIT_RETAIN_SELF = YES;
				CLANG_WARN_OBJC_LITERAL_CONVERSION = YES;
				CLANG_WARN_OBJC_ROOT_CLASS = YES_ERROR;
				CLANG_WARN_QUOTED_INCLUDE_IN_FRAMEWORK_HEADER = YES;
				CLANG_WARN_RANGE_LOOP_ANALYSIS = YES;
				CLANG_WARN_STRICT_PROTOTYPES = YES;
				CLANG_WARN_SUSPICIOUS_MOVE = YES;
				CLANG_WARN_UNGUARDED_AVAILABILITY = YES_AGGRESSIVE;
				CLANG_WARN_UNREACHABLE_CODE = YES;
				CLANG_WARN__DUPLICATE_METHOD_MATCH = YES;
				COPY_PHASE_STRIP = NO;
				DEBUG_INFORMATION_FORMAT = dwarf;
				ENABLE_STRICT_OBJC_MSGSEND = YES;
				ENABLE_TESTABILITY = YES;
				GCC_C_LANGUAGE_STANDARD = gnu11;
				GCC_DYNAMIC_NO_PIC = NO;
				GCC_NO_COMMON_BLOCKS = YES;
				GCC_OPTIMIZATION_LEVEL = 0;
				GCC_PREPROCESSOR_DEFINITIONS = (
					"DEBUG=1",
					"$(inherited)",
				);
				GCC_WARN_64_TO_32_BIT_CONVERSION = YES;
				GCC_WARN_ABOUT_RETURN_TYPE = YES_ERROR;
				GCC_WARN_UNDECLARED_SELECTOR = YES;
				GCC_WARN_UNINITIALIZED_AUTOS = YES_AGGRESSIVE;
				GCC_WARN_UNUSED_FUNCTION = YES;
				GCC_WARN_UNUSED_VARIABLE = YES;
				IPHONEOS_DEPLOYMENT_TARGET = 16.4;
				MTL_ENABLE_DEBUG_INFO = INCLUDE_SOURCE;
				MTL_FAST_MATH = YES;
				ONLY_ACTIVE_ARCH = YES;
				SDKROOT = iphoneos;
				SWIFT_ACTIVE_COMPILATION_CONDITIONS = DEBUG;
				SWIFT_OPTIMIZATION_LEVEL = "-Onone";
			};
			name = Debug;
		};
		A552FF532B1F0B5A008C744D /* Release */ = {
			isa = XCBuildConfiguration;
			buildSettings = {
				ALWAYS_SEARCH_USER_PATHS = NO;
				CLANG_ANALYZER_NONNULL = YES;
				CLANG_ANALYZER_NUMBER_OBJECT_CONVERSION = YES_AGGRESSIVE;
				CLANG_CXX_LANGUAGE_STANDARD = "gnu++20";
				CLANG_ENABLE_MODULES = YES;
				CLANG_ENABLE_OBJC_ARC = YES;
				CLANG_ENABLE_OBJC_WEAK = YES;
				CLANG_WARN_BLOCK_CAPTURE_AUTORELEASING = YES;
				CLANG_WARN_BOOL_CONVERSION = YES;
				CLANG_WARN_COMMA = YES;
				CLANG_WARN_CONSTANT_CONVERSION = YES;
				CLANG_WARN_DEPRECATED_OBJC_IMPLEMENTATIONS = YES;
				CLANG_WARN_DIRECT_OBJC_ISA_USAGE = YES_ERROR;
				CLANG_WARN_DOCUMENTATION_COMMENTS = YES;
				CLANG_WARN_EMPTY_BODY = YES;
				CLANG_WARN_ENUM_CONVERSION = YES;
				CLANG_WARN_INFINITE_RECURSION = YES;
				CLANG_WARN_INT_CONVERSION = YES;
				CLANG_WARN_NON_LITERAL_NULL_CONVERSION = YES;
				CLANG_WARN_OBJC_IMPLICIT_RETAIN_SELF = YES;
				CLANG_WARN_OBJC_LITERAL_CONVERSION = YES;
				CLANG_WARN_OBJC_ROOT_CLASS = YES_ERROR;
				CLANG_WARN_QUOTED_INCLUDE_IN_FRAMEWORK_HEADER = YES;
				CLANG_WARN_RANGE_LOOP_ANALYSIS = YES;
				CLANG_WARN_STRICT_PROTOTYPES = YES;
				CLANG_WARN_SUSPICIOUS_MOVE = YES;
				CLANG_WARN_UNGUARDED_AVAILABILITY = YES_AGGRESSIVE;
				CLANG_WARN_UNREACHABLE_CODE = YES;
				CLANG_WARN__DUPLICATE_METHOD_MATCH = YES;
				COPY_PHASE_STRIP = NO;
				DEBUG_INFORMATION_FORMAT = "dwarf-with-dsym";
				ENABLE_NS_ASSERTIONS = NO;
				ENABLE_STRICT_OBJC_MSGSEND = YES;
				GCC_C_LANGUAGE_STANDARD = gnu11;
				GCC_NO_COMMON_BLOCKS = YES;
				GCC_WARN_64_TO_32_BIT_CONVERSION = YES;
				GCC_WARN_ABOUT_RETURN_TYPE = YES_ERROR;
				GCC_WARN_UNDECLARED_SELECTOR = YES;
				GCC_WARN_UNINITIALIZED_AUTOS = YES_AGGRESSIVE;
				GCC_WARN_UNUSED_FUNCTION = YES;
				GCC_WARN_UNUSED_VARIABLE = YES;
				IPHONEOS_DEPLOYMENT_TARGET = 16.4;
				MTL_ENABLE_DEBUG_INFO = NO;
				MTL_FAST_MATH = YES;
				SDKROOT = iphoneos;
				SWIFT_COMPILATION_MODE = wholemodule;
				SWIFT_OPTIMIZATION_LEVEL = "-O";
				VALIDATE_PRODUCT = YES;
			};
			name = Release;
		};
		A552FF552B1F0B5A008C744D /* Debug */ = {
			isa = XCBuildConfiguration;
			buildSettings = {
				ASSETCATALOG_COMPILER_APPICON_NAME = AppIcon;
				ASSETCATALOG_COMPILER_GLOBAL_ACCENT_COLOR_NAME = AccentColor;
				CODE_SIGN_STYLE = Automatic;
				CURRENT_PROJECT_VERSION = 1;
				GENERATE_INFOPLIST_FILE = YES;
				INFOPLIST_FILE = AutoLayoutStudy/Info.plist;
				INFOPLIST_KEY_UIApplicationSupportsIndirectInputEvents = YES;
				INFOPLIST_KEY_UILaunchStoryboardName = LaunchScreen;
				INFOPLIST_KEY_UISupportedInterfaceOrientations_iPad = "UIInterfaceOrientationPortrait UIInterfaceOrientationPortraitUpsideDown UIInterfaceOrientationLandscapeLeft UIInterfaceOrientationLandscapeRight";
				INFOPLIST_KEY_UISupportedInterfaceOrientations_iPhone = "UIInterfaceOrientationPortrait UIInterfaceOrientationLandscapeLeft UIInterfaceOrientationLandscapeRight";
				LD_RUNPATH_SEARCH_PATHS = (
					"$(inherited)",
					"@executable_path/Frameworks",
				);
				MARKETING_VERSION = 1.0;
				PRODUCT_BUNDLE_IDENTIFIER = com.Ishida.AutoLayoutStudy;
				PRODUCT_NAME = "$(TARGET_NAME)";
				SWIFT_EMIT_LOC_STRINGS = YES;
				SWIFT_VERSION = 5.0;
				TARGETED_DEVICE_FAMILY = "1,2";
			};
			name = Debug;
		};
		A552FF562B1F0B5A008C744D /* Release */ = {
			isa = XCBuildConfiguration;
			buildSettings = {
				ASSETCATALOG_COMPILER_APPICON_NAME = AppIcon;
				ASSETCATALOG_COMPILER_GLOBAL_ACCENT_COLOR_NAME = AccentColor;
				CODE_SIGN_STYLE = Automatic;
				CURRENT_PROJECT_VERSION = 1;
				GENERATE_INFOPLIST_FILE = YES;
				INFOPLIST_FILE = AutoLayoutStudy/Info.plist;
				INFOPLIST_KEY_UIApplicationSupportsIndirectInputEvents = YES;
				INFOPLIST_KEY_UILaunchStoryboardName = LaunchScreen;
				INFOPLIST_KEY_UISupportedInterfaceOrientations_iPad = "UIInterfaceOrientationPortrait UIInterfaceOrientationPortraitUpsideDown UIInterfaceOrientationLandscapeLeft UIInterfaceOrientationLandscapeRight";
				INFOPLIST_KEY_UISupportedInterfaceOrientations_iPhone = "UIInterfaceOrientationPortrait UIInterfaceOrientationLandscapeLeft UIInterfaceOrientationLandscapeRight";
				LD_RUNPATH_SEARCH_PATHS = (
					"$(inherited)",
					"@executable_path/Frameworks",
				);
				MARKETING_VERSION = 1.0;
				PRODUCT_BUNDLE_IDENTIFIER = com.Ishida.AutoLayoutStudy;
				PRODUCT_NAME = "$(TARGET_NAME)";
				SWIFT_EMIT_LOC_STRINGS = YES;
				SWIFT_VERSION = 5.0;
				TARGETED_DEVICE_FAMILY = "1,2";
			};
			name = Release;
		};
		A552FF582B1F0B5A008C744D /* Debug */ = {
			isa = XCBuildConfiguration;
			buildSettings = {
				ALWAYS_EMBED_SWIFT_STANDARD_LIBRARIES = YES;
				BUNDLE_LOADER = "$(TEST_HOST)";
				CODE_SIGN_STYLE = Automatic;
				CURRENT_PROJECT_VERSION = 1;
				GENERATE_INFOPLIST_FILE = YES;
				IPHONEOS_DEPLOYMENT_TARGET = 16.4;
				MARKETING_VERSION = 1.0;
				PRODUCT_BUNDLE_IDENTIFIER = com.Ishida.AutoLayoutStudyTests;
				PRODUCT_NAME = "$(TARGET_NAME)";
				SWIFT_EMIT_LOC_STRINGS = NO;
				SWIFT_VERSION = 5.0;
				TARGETED_DEVICE_FAMILY = "1,2";
				TEST_HOST = "$(BUILT_PRODUCTS_DIR)/AutoLayoutStudy.app/$(BUNDLE_EXECUTABLE_FOLDER_PATH)/AutoLayoutStudy";
			};
			name = Debug;
		};
		A552FF592B1F0B5A008C744D /* Release */ = {
			isa = XCBuildConfiguration;
			buildSettings = {
				ALWAYS_EMBED_SWIFT_STANDARD_LIBRARIES = YES;
				BUNDLE_LOADER = "$(TEST_HOST)";
				CODE_SIGN_STYLE = Automatic;
				CURRENT_PROJECT_VERSION = 1;
				GENERATE_INFOPLIST_FILE = YES;
				IPHONEOS_DEPLOYMENT_TARGET = 16.4;
				MARKETING_VERSION = 1.0;
				PRODUCT_BUNDLE_IDENTIFIER = com.Ishida.AutoLayoutStudyTests;
				PRODUCT_NAME = "$(TARGET_NAME)";
				SWIFT_EMIT_LOC_STRINGS = NO;
				SWIFT_VERSION = 5.0;
				TARGETED_DEVICE_FAMILY = "1,2";
				TEST_HOST = "$(BUILT_PRODUCTS_DIR)/AutoLayoutStudy.app/$(BUNDLE_EXECUTABLE_FOLDER_PATH)/AutoLayoutStudy";
			};
			name = Release;
		};
		A552FF5B2B1F0B5A008C744D /* Debug */ = {
			isa = XCBuildConfiguration;
			buildSettings = {
				ALWAYS_EMBED_SWIFT_STANDARD_LIBRARIES = YES;
				CODE_SIGN_STYLE = Automatic;
				CURRENT_PROJECT_VERSION = 1;
				GENERATE_INFOPLIST_FILE = YES;
				MARKETING_VERSION = 1.0;
				PRODUCT_BUNDLE_IDENTIFIER = com.Ishida.AutoLayoutStudyUITests;
				PRODUCT_NAME = "$(TARGET_NAME)";
				SWIFT_EMIT_LOC_STRINGS = NO;
				SWIFT_VERSION = 5.0;
				TARGETED_DEVICE_FAMILY = "1,2";
				TEST_TARGET_NAME = AutoLayoutStudy;
			};
			name = Debug;
		};
		A552FF5C2B1F0B5A008C744D /* Release */ = {
			isa = XCBuildConfiguration;
			buildSettings = {
				ALWAYS_EMBED_SWIFT_STANDARD_LIBRARIES = YES;
				CODE_SIGN_STYLE = Automatic;
				CURRENT_PROJECT_VERSION = 1;
				GENERATE_INFOPLIST_FILE = YES;
				MARKETING_VERSION = 1.0;
				PRODUCT_BUNDLE_IDENTIFIER = com.Ishida.AutoLayoutStudyUITests;
				PRODUCT_NAME = "$(TARGET_NAME)";
				SWIFT_EMIT_LOC_STRINGS = NO;
				SWIFT_VERSION = 5.0;
				TARGETED_DEVICE_FAMILY = "1,2";
				TEST_TARGET_NAME = AutoLayoutStudy;
			};
			name = Release;
		};
/* End XCBuildConfiguration section */

/* Begin XCConfigurationList section */
		A552FF252B1F0B57008C744D /* Build configuration list for PBXProject "AutoLayoutStudy" */ = {
			isa = XCConfigurationList;
			buildConfigurations = (
				A552FF522B1F0B5A008C744D /* Debug */,
				A552FF532B1F0B5A008C744D /* Release */,
			);
			defaultConfigurationIsVisible = 0;
			defaultConfigurationName = Release;
		};
		A552FF542B1F0B5A008C744D /* Build configuration list for PBXNativeTarget "AutoLayoutStudy" */ = {
			isa = XCConfigurationList;
			buildConfigurations = (
				A552FF552B1F0B5A008C744D /* Debug */,
				A552FF562B1F0B5A008C744D /* Release */,
			);
			defaultConfigurationIsVisible = 0;
			defaultConfigurationName = Release;
		};
		A552FF572B1F0B5A008C744D /* Build configuration list for PBXNativeTarget "AutoLayoutStudyTests" */ = {
			isa = XCConfigurationList;
			buildConfigurations = (
				A552FF582B1F0B5A008C744D /* Debug */,
				A552FF592B1F0B5A008C744D /* Release */,
			);
			defaultConfigurationIsVisible = 0;
			defaultConfigurationName = Release;
		};
		A552FF5A2B1F0B5A008C744D /* Build configuration list for PBXNativeTarget "AutoLayoutStudyUITests" */ = {
			isa = XCConfigurationList;
			buildConfigurations = (
				A552FF5B2B1F0B5A008C744D /* Debug */,
				A552FF5C2B1F0B5A008C744D /* Release */,
			);
			defaultConfigurationIsVisible = 0;
			defaultConfigurationName = Release;
		};
/* End XCConfigurationList section */
	};
	rootObject = A552FF222B1F0B57008C744D /* Project object */;
}
